
Microsoft Visual Studio Solution File, Format Version 12.00
# Visual Studio 2013
VisualStudioVersion = 12.0.31101.0
MinimumVisualStudioVersion = 10.0.40219.1
Project("{8BC9CEB8-8B4A-11D0-8D11-00A0C91BC942}") = "GreetingServer", "GreetingServer\GreetingServer.vcxproj", "{66C29ABD-A910-4533-A1E4-11C21073B398}"
EndProject
Project("{8BC9CEB8-8B4A-11D0-8D11-00A0C91BC942}") = "GreetingClinet", "GreetingClinet\GreetingClinet.vcxproj", "{F36BB67B-C90A-485F-9765-51F39A6088BA}"
EndProject
Global
	GlobalSection(SolutionConfigurationPlatforms) = preSolution
		Debug|Win32 = Debug|Win32
		Release|Win32 = Release|Win32
	EndGlobalSection
	GlobalSection(ProjectConfigurationPlatforms) = postSolution
		{66C29ABD-A910-4533-A1E4-11C21073B398}.Debug|Win32.ActiveCfg = Debug|Win32
		{66C29ABD-A910-4533-A1E4-11C21073B398}.Debug|Win32.Build.0 = Debug|Win32
		{66C29ABD-A910-4533-A1E4-11C21073B398}.Release|Win32.ActiveCfg = Release|Win32
		{66C29ABD-A910-4533-A1E4-11C21073B398}.Release|Win32.Build.0 = Release|Win32
		{F36BB67B-C90A-485F-9765-51F39A6088BA}.Debug|Win32.ActiveCfg = Debug|Win32
		{F36BB67B-C90A-485F-9765-51F39A6088BA}.Debug|Win32.Build.0 = Debug|Win32
		{F36BB67B-C90A-485F-9765-51F39A6088BA}.Release|Win32.ActiveCfg = Release|Win32
		{F36BB67B-C90A-485F-9765-51F39A6088BA}.Release|Win32.Build.0 = Release|Win32
	EndGlobalSection
	GlobalSection(SolutionProperties) = preSolution
		HideSolutionNode = FALSE
	EndGlobalSection
EndGlobal
